
Microsoft Visual Studio Solution File, Format Version 12.00
# Visual Studio Version 16
VisualStudioVersion = 16.0.30503.244
MinimumVisualStudioVersion = 10.0.40219.1
Project("{FAE04EC0-301F-11D3-BF4B-00C04F79EFBC}") = "MiPrimeraAppGrafica", "MiPrimeraAppGrafica.csproj", "{B251F7B4-DEFC-4251-9374-89BDB2D1B4EB}"
EndProject
Global
	GlobalSection(SolutionConfigurationPlatforms) = preSolution
		Debug|Any CPU = Debug|Any CPU
		Release|Any CPU = Release|Any CPU
	EndGlobalSection
	GlobalSection(ProjectConfigurationPlatforms) = postSolution
		{B251F7B4-DEFC-4251-9374-89BDB2D1B4EB}.Debug|Any CPU.ActiveCfg = Debug|Any CPU
		{B251F7B4-DEFC-4251-9374-89BDB2D1B4EB}.Debug|Any CPU.Build.0 = Debug|Any CPU
		{B251F7B4-DEFC-4251-9374-89BDB2D1B4EB}.Release|Any CPU.ActiveCfg = Release|Any CPU
		{B251F7B4-DEFC-4251-9374-89BDB2D1B4EB}.Release|Any CPU.Build.0 = Release|Any CPU
	EndGlobalSection
	GlobalSection(SolutionProperties) = preSolution
		HideSolutionNode = FALSE
	EndGlobalSection
	GlobalSection(ExtensibilityGlobals) = postSolution
		SolutionGuid = {EE09B38C-0EE2-4620-AE5E-09F88DE9DBFE}
	EndGlobalSection
EndGlobal
